Microsoft Visual Studio Solution File, Format Version 9.00
# Visual Studio 2005
Project("{8BC9CEB8-8B4A-11D0-8D11-00A0C91BC942}") = "BCGPMediaPlayer", "BCGPMediaPlayer.vcproj", "{6693CCD4-ACF1-4FB3-B66E-B83B1FF61A02}"
EndProject
Global
	GlobalSection(SolutionConfigurationPlatforms) = preSolution
		Debug|Win32 = Debug|Win32
		Debug|x64 = Debug|x64
		Release|Win32 = Release|Win32
		Release|x64 = Release|x64
		ReleaseStatic|Win32 = ReleaseStatic|Win32
		ReleaseStatic|x64 = ReleaseStatic|x64
	EndGlobalSection
	GlobalSection(ProjectConfigurationPlatforms) = postSolution
		{6693CCD4-ACF1-4FB3-B66E-B83B1FF61A02}.Debug|Win32.ActiveCfg = Debug|Win32
		{6693CCD4-ACF1-4FB3-B66E-B83B1FF61A02}.Debug|Win32.Build.0 = Debug|Win32
		{6693CCD4-ACF1-4FB3-B66E-B83B1FF61A02}.Debug|x64.ActiveCfg = Debug|x64
		{6693CCD4-ACF1-4FB3-B66E-B83B1FF61A02}.Debug|x64.Build.0 = Debug|x64
		{6693CCD4-ACF1-4FB3-B66E-B83B1FF61A02}.Release|Win32.ActiveCfg = Release|Win32
		{6693CCD4-ACF1-4FB3-B66E-B83B1FF61A02}.Release|Win32.Build.0 = Release|Win32
		{6693CCD4-ACF1-4FB3-B66E-B83B1FF61A02}.Release|x64.ActiveCfg = Release|x64
		{6693CCD4-ACF1-4FB3-B66E-B83B1FF61A02}.Release|x64.Build.0 = Release|x64
		{6693CCD4-ACF1-4FB3-B66E-B83B1FF61A02}.ReleaseStatic|Win32.ActiveCfg = Release|Win32
		{6693CCD4-ACF1-4FB3-B66E-B83B1FF61A02}.ReleaseStatic|Win32.Build.0 = Release|Win32
		{6693CCD4-ACF1-4FB3-B66E-B83B1FF61A02}.ReleaseStatic|x64.ActiveCfg = Release|x64
		{6693CCD4-ACF1-4FB3-B66E-B83B1FF61A02}.ReleaseStatic|x64.Build.0 = Release|x64
	EndGlobalSection
	GlobalSection(SolutionProperties) = preSolution
		HideSolutionNode = FALSE
	EndGlobalSection
EndGlobal
