
Microsoft Visual Studio Solution File, Format Version 9.00
# Visual Studio 2005
Project("{8BC9CEB8-8B4A-11D0-8D11-00A0C91BC942}") = "BCGPShopDemo", "BCGPShopDemo.vcproj", "{3687E50D-84B1-47D7-8B3E-9C53EEBC44BA}"
EndProject
Global
	GlobalSection(SolutionConfigurationPlatforms) = preSolution
		Debug|Win32 = Debug|Win32
		Debug|x64 = Debug|x64
		Release|Win32 = Release|Win32
		Release|x64 = Release|x64
		ReleaseStatic|Win32 = ReleaseStatic|Win32
		ReleaseStatic|x64 = ReleaseStatic|x64
	EndGlobalSection
	GlobalSection(ProjectConfigurationPlatforms) = postSolution
		{3687E50D-84B1-47D7-8B3E-9C53EEBC44BA}.Debug|Win32.ActiveCfg = Debug|Win32
		{3687E50D-84B1-47D7-8B3E-9C53EEBC44BA}.Debug|Win32.Build.0 = Debug|Win32
		{3687E50D-84B1-47D7-8B3E-9C53EEBC44BA}.Debug|x64.ActiveCfg = Debug|x64
		{3687E50D-84B1-47D7-8B3E-9C53EEBC44BA}.Debug|x64.Build.0 = Debug|x64
		{3687E50D-84B1-47D7-8B3E-9C53EEBC44BA}.Release|Win32.ActiveCfg = Release|Win32
		{3687E50D-84B1-47D7-8B3E-9C53EEBC44BA}.Release|Win32.Build.0 = Release|Win32
		{3687E50D-84B1-47D7-8B3E-9C53EEBC44BA}.Release|x64.ActiveCfg = Release|x64
		{3687E50D-84B1-47D7-8B3E-9C53EEBC44BA}.Release|x64.Build.0 = Release|x64
		{3687E50D-84B1-47D7-8B3E-9C53EEBC44BA}.ReleaseStatic|Win32.ActiveCfg = ReleaseStatic|Win32
		{3687E50D-84B1-47D7-8B3E-9C53EEBC44BA}.ReleaseStatic|Win32.Build.0 = ReleaseStatic|Win32
		{3687E50D-84B1-47D7-8B3E-9C53EEBC44BA}.ReleaseStatic|x64.ActiveCfg = ReleaseStatic|x64
		{3687E50D-84B1-47D7-8B3E-9C53EEBC44BA}.ReleaseStatic|x64.Build.0 = ReleaseStatic|x64
	EndGlobalSection
	GlobalSection(SolutionProperties) = preSolution
		HideSolutionNode = FALSE
	EndGlobalSection
EndGlobal
